// !$*UTF8*$!
{
	archiveVersion = 1;
	classes = {
	};
	objectVersion = 46;
	objects = {

/* Begin PBXBuildFile section */
		A54F6B591E2A22A400DAFDFD /* AppDelegate.swift in Sources */ = {isa = PBXBuildFile; fileRef = A54F6B581E2A22A400DAFDFD /* AppDelegate.swift */; };
		A54F6B5B1E2A22A400DAFDFD /* ViewController.swift in Sources */ = {isa = PBXBuildFile; fileRef = A54F6B5A1E2A22A400DAFDFD /* ViewController.swift */; };
		A54F6B5E1E2A22A400DAFDFD /* Main.storyboard in Resources */ = {isa = PBXBuildFile; fileRef = A54F6B5C1E2A22A400DAFDFD /* Main.storyboard */; };
		A54F6B601E2A22A400DAFDFD /* Assets.xcassets in Resources */ = {isa = PBXBuildFile; fileRef = A54F6B5F1E2A22A400DAFDFD /* Assets.xcassets */; };
		A54F6B631E2A22A400DAFDFD /* LaunchScreen.storyboard in Resources */ = {isa = PBXBuildFile; fileRef = A54F6B611E2A22A400DAFDFD /* LaunchScreen.storyboard */; };
		A54F6B6B1E2A2C5500DAFDFD /* ResultViewController.swift in Sources */ = {isa = PBXBuildFile; fileRef = A54F6B6A1E2A2C5500DAFDFD /* ResultViewController.swift */; };
/* End PBXBuildFile section */

/* Begin PBXFileReference section */
		A54F6B551E2A22A400DAFDFD /* SubmitValue.app */ = {isa = PBXFileReference; explicitFileType = wrapper.application; includeInIndex = 0; path = SubmitValue.app; sourceTree = BUILT_PRODUCTS_DIR; };
		A54F6B581E2A22A400DAFDFD /* AppDelegate.swift */ = {isa = PBXFileReference; lastKnownFileType = sourcecode.swift; path = AppDelegate.swift; sourceTree = "<group>"; };
		A54F6B5A1E2A22A400DAFDFD /* ViewController.swift */ = {isa = PBXFileReference; lastKnownFileType = sourcecode.swift; path = ViewController.swift; sourceTree = "<group>"; };
		A54F6B5D1E2A22A400DAFDFD /* Base */ = {isa = PBXFileReference; lastKnownFileType = file.storyboard; name = Base; path = Base.lproj/Main.storyboard; sourceTree = "<group>"; };
		A54F6B5F1E2A22A400DAFDFD /* Assets.xcassets */ = {isa = PBXFileReference; lastKnownFileType = folder.assetcatalog; path = Assets.xcassets; sourceTree = "<group>"; };
		A54F6B621E2A22A400DAFDFD /* Base */ = {isa = PBXFileReference; lastKnownFileType = file.storyboard; name = Base; path = Base.lproj/LaunchScreen.storyboard; sourceTree = "<group>"; };
		A54F6B641E2A22A400DAFDFD /* Info.plist */ = {isa = PBXFileReference; lastKnownFileType = text.plist.xml; path = Info.plist; sourceTree = "<group>"; };
		A54F6B6A1E2A2C5500DAFDFD /* ResultViewController.swift */ = {isa = PBXFileReference; fileEncoding = 4; lastKnownFileType = sourcecode.swift; path = ResultViewController.swift; sourceTree = "<group>"; };
/* End PBXFileReference section */

/* Begin PBXFrameworksBuildPhase section */
		A54F6B521E2A22A400DAFDFD /* Frameworks */ = {
			isa = PBXFrameworksBuildPhase;
			buildActionMask = 2147483647;
			files = (
			);
			runOnlyForDeploymentPostprocessing = 0;
		};
/* End PBXFrameworksBuildPhase section */

/* Begin PBXGroup section */
		A54F6B4C1E2A22A400DAFDFD = {
			isa = PBXGroup;
			children = (
				A54F6B571E2A22A400DAFDFD /* SubmitValue */,
				A54F6B561E2A22A400DAFDFD /* Products */,
			);
			sourceTree = "<group>";
		};
		A54F6B561E2A22A400DAFDFD /* Products */ = {
			isa = PBXGroup;
			children = (
				A54F6B551E2A22A400DAFDFD /* SubmitValue.app */,
			);
			name = Products;
			sourceTree = "<group>";
		};
		A54F6B571E2A22A400DAFDFD /* SubmitValue */ = {
			isa = PBXGroup;
			children = (
				A54F6B581E2A22A400DAFDFD /* AppDelegate.swift */,
				A54F6B5A1E2A22A400DAFDFD /* ViewController.swift */,
				A54F6B6A1E2A2C5500DAFDFD /* ResultViewController.swift */,
				A54F6B5C1E2A22A400DAFDFD /* Main.storyboard */,
				A54F6B5F1E2A22A400DAFDFD /* Assets.xcassets */,
				A54F6B611E2A22A400DAFDFD /* LaunchScreen.storyboard */,
				A54F6B641E2A22A400DAFDFD /* Info.plist */,
			);
			path = SubmitValue;
			sourceTree = "<group>";
		};
/* End PBXGroup section */

/* Begin PBXNativeTarget section */
		A54F6B541E2A22A400DAFDFD /* SubmitValue */ = {
			isa = PBXNativeTarget;
			buildConfigurationList = A54F6B671E2A22A400DAFDFD /* Build configuration list for PBXNativeTarget "SubmitValue" */;
			buildPhases = (
				A54F6B511E2A22A400DAFDFD /* Sources */,
				A54F6B521E2A22A400DAFDFD /* Frameworks */,
				A54F6B531E2A22A400DAFDFD /* Resources */,
			);
			buildRules = (
			);
			dependencies = (
			);
			name = SubmitValue;
			productName = SubmitValue;
			productReference = A54F6B551E2A22A400DAFDFD /* SubmitValue.app */;
			productType = "com.apple.product-type.application";
		};
/* End PBXNativeTarget section */

/* Begin PBXProject section */
		A54F6B4D1E2A22A400DAFDFD /* Project object */ = {
			isa = PBXProject;
			attributes = {
				LastSwiftUpdateCheck = 0810;
				LastUpgradeCheck = 0810;
				ORGANIZATIONNAME = ren;
				TargetAttributes = {
					A54F6B541E2A22A400DAFDFD = {
						CreatedOnToolsVersion = 8.1;
						DevelopmentTeam = 978AX8XJ3Z;
						ProvisioningStyle = Automatic;
					};
				};
			};
			buildConfigurationList = A54F6B501E2A22A400DAFDFD /* Build configuration list for PBXProject "SubmitValue" */;
			compatibilityVersion = "Xcode 3.2";
			developmentRegion = English;
			hasScannedForEncodings = 0;
			knownRegions = (
				en,
				Base,
			);
			mainGroup = A54F6B4C1E2A22A400DAFDFD;
			productRefGroup = A54F6B561E2A22A400DAFDFD /* Products */;
			projectDirPath = "";
			projectRoot = "";
			targets = (
				A54F6B541E2A22A400DAFDFD /* SubmitValue */,
			);
		};
/* End PBXProject section */

/* Begin PBXResourcesBuildPhase section */
		A54F6B531E2A22A400DAFDFD /* Resources */ = {
			isa = PBXResourcesBuildPhase;
			buildActionMask = 2147483647;
			files = (
				A54F6B631E2A22A400DAFDFD /* LaunchScreen.storyboard in Resources */,
				A54F6B601E2A22A400DAFDFD /* Assets.xcassets in Resources */,
				A54F6B5E1E2A22A400DAFDFD /* Main.storyboard in Resources */,
			);
			runOnlyForDeploymentPostprocessing = 0;
		};
/* End PBXResourcesBuildPhase section */

/* Begin PBXSourcesBuildPhase section */
		A54F6B511E2A22A400DAFDFD /* Sources */ = {
			isa = PBXSourcesBuildPhase;
			buildActionMask = 2147483647;
			files = (
				A54F6B5B1E2A22A400DAFDFD /* ViewController.swift in Sources */,
				A54F6B591E2A22A400DAFDFD /* AppDelegate.swift in Sources */,
				A54F6B6B1E2A2C5500DAFDFD /* ResultViewController.swift in Sources */,
			);
			runOnlyForDeploymentPostprocessing = 0;
		};
/* End PBXSourcesBuildPhase section */

/* Begin PBXVariantGroup section */
		A54F6B5C1E2A22A400DAFDFD /* Main.storyboard */ = {
			isa = PBXVariantGroup;
			children = (
				A54F6B5D1E2A22A400DAFDFD /* Base */,
			);
			name = Main.storyboard;
			sourceTree = "<group>";
		};
		A54F6B611E2A22A400DAFDFD /* LaunchScreen.storyboard */ = {
			isa = PBXVariantGroup;
			children = (
				A54F6B621E2A22A400DAFDFD /* Base */,
			);
			name = LaunchScreen.storyboard;
			sourceTree = "<group>";
		};
/* End PBXVariantGroup section */

/* Begin XCBuildConfiguration section */
		A54F6B651E2A22A400DAFDFD /* Debug */ = {
			isa = XCBuildConfiguration;
			buildSettings = {
				ALWAYS_SEARCH_USER_PATHS = NO;
				CLANG_ANALYZER_NONNULL = YES;
				CLANG_CXX_LANGUAGE_STANDARD = "gnu++0x";
				CLANG_CXX_LIBRARY = "libc++";
				CLANG_ENABLE_MODULES = YES;
				CLANG_ENABLE_OBJC_ARC = YES;
				CLANG_WARN_BOOL_CONVERSION = YES;
				CLANG_WARN_CONSTANT_CONVERSION = YES;
				CLANG_WARN_DIRECT_OBJC_ISA_USAGE = YES_ERROR;
				CLANG_WARN_DOCUMENTATION_COMMENTS = YES;
				CLANG_WARN_EMPTY_BODY = YES;
				CLANG_WARN_ENUM_CONVERSION = YES;
				CLANG_WARN_INFINITE_RECURSION = YES;
				CLANG_WARN_INT_CONVERSION = YES;
				CLANG_WARN_OBJC_ROOT_CLASS = YES_ERROR;
				CLANG_WARN_SUSPICIOUS_MOVES = YES;
				CLANG_WARN_UNREACHABLE_CODE = YES;
				CLANG_WARN__DUPLICATE_METHOD_MATCH = YES;
				"CODE_SIGN_IDENTITY[sdk=iphoneos*]" = "iPhone Developer";
				COPY_PHASE_STRIP = NO;
				DEBUG_INFORMATION_FORMAT = dwarf;
				ENABLE_STRICT_OBJC_MSGSEND = YES;
				ENABLE_TESTABILITY = YES;
				GCC_C_LANGUAGE_STANDARD = gnu99;
				GCC_DYNAMIC_NO_PIC = NO;
				GCC_NO_COMMON_BLOCKS = YES;
				GCC_OPTIMIZATION_LEVEL = 0;
				GCC_PREPROCESSOR_DEFINITIONS = (
					"DEBUG=1",
					"$(inherited)",
				);
				GCC_WARN_64_TO_32_BIT_CONVERSION = YES;
				GCC_WARN_ABOUT_RETURN_TYPE = YES_ERROR;
				GCC_WARN_UNDECLARED_SELECTOR = YES;
				GCC_WARN_UNINITIALIZED_AUTOS = YES_AGGRESSIVE;
				GCC_WARN_UNUSED_FUNCTION = YES;
				GCC_WARN_UNUSED_VARIABLE = YES;
				IPHONEOS_DEPLOYMENT_TARGET = 10.1;
				MTL_ENABLE_DEBUG_INFO = YES;
				ONLY_ACTIVE_ARCH = YES;
				SDKROOT = iphoneos;
				SWIFT_ACTIVE_COMPILATION_CONDITIONS = DEBUG;
				SWIFT_OPTIMIZATION_LEVEL = "-Onone";
			};
			name = Debug;
		};
		A54F6B661E2A22A400DAFDFD /* Release */ = {
			isa = XCBuildConfiguration;
			buildSettings = {
				ALWAYS_SEARCH_USER_PATHS = NO;
				CLANG_ANALYZER_NONNULL = YES;
				CLANG_CXX_LANGUAGE_STANDARD = "gnu++0x";
				CLANG_CXX_LIBRARY = "libc++";
				CLANG_ENABLE_MODULES = YES;
				CLANG_ENABLE_OBJC_ARC = YES;
				CLANG_WARN_BOOL_CONVERSION = YES;
				CLANG_WARN_CONSTANT_CONVERSION = YES;
				CLANG_WARN_DIRECT_OBJC_ISA_USAGE = YES_ERROR;
				CLANG_WARN_DOCUMENTATION_COMMENTS = YES;
				CLANG_WARN_EMPTY_BODY = YES;
				CLANG_WARN_ENUM_CONVERSION = YES;
				CLANG_WARN_INFINITE_RECURSION = YES;
				CLANG_WARN_INT_CONVERSION = YES;
				CLANG_WARN_OBJC_ROOT_CLASS = YES_ERROR;
				CLANG_WARN_SUSPICIOUS_MOVES = YES;
				CLANG_WARN_UNREACHABLE_CODE = YES;
				CLANG_WARN__DUPLICATE_METHOD_MATCH = YES;
				"CODE_SIGN_IDENTITY[sdk=iphoneos*]" = "iPhone Developer";
				COPY_PHASE_STRIP = NO;
				DEBUG_INFORMATION_FORMAT = "dwarf-with-dsym";
				ENABLE_NS_ASSERTIONS = NO;
				ENABLE_STRICT_OBJC_MSGSEND = YES;
				GCC_C_LANGUAGE_STANDARD = gnu99;
				GCC_NO_COMMON_BLOCKS = YES;
				GCC_WARN_64_TO_32_BIT_CONVERSION = YES;
				GCC_WARN_ABOUT_RETURN_TYPE = YES_ERROR;
				GCC_WARN_UNDECLARED_SELECTOR = YES;
				GCC_WARN_UNINITIALIZED_AUTOS = YES_AGGRESSIVE;
				GCC_WARN_UNUSED_FUNCTION = YES;
				GCC_WARN_UNUSED_VARIABLE = YES;
				IPHONEOS_DEPLOYMENT_TARGET = 10.1;
				MTL_ENABLE_DEBUG_INFO = NO;
				SDKROOT = iphoneos;
				SWIFT_OPTIMIZATION_LEVEL = "-Owholemodule";
				VALIDATE_PRODUCT = YES;
			};
			name = Release;
		};
		A54F6B681E2A22A400DAFDFD /* Debug */ = {
			isa = XCBuildConfiguration;
			buildSettings = {
				ASSETCATALOG_COMPILER_APPICON_NAME = AppIcon;
				DEVELOPMENT_TEAM = 978AX8XJ3Z;
				INFOPLIST_FILE = SubmitValue/Info.plist;
				LD_RUNPATH_SEARCH_PATHS = "$(inherited) @executable_path/Frameworks";
				PRODUCT_BUNDLE_IDENTIFIER = ren.SubmitValue;
				PRODUCT_NAME = "$(TARGET_NAME)";
				SWIFT_VERSION = 3.0;
			};
			name = Debug;
		};
		A54F6B691E2A22A400DAFDFD /* Release */ = {
			isa = XCBuildConfiguration;
			buildSettings = {
				ASSETCATALOG_COMPILER_APPICON_NAME = AppIcon;
				DEVELOPMENT_TEAM = 978AX8XJ3Z;
				INFOPLIST_FILE = SubmitValue/Info.plist;
				LD_RUNPATH_SEARCH_PATHS = "$(inherited) @executable_path/Frameworks";
				PRODUCT_BUNDLE_IDENTIFIER = ren.SubmitValue;
				PRODUCT_NAME = "$(TARGET_NAME)";
				SWIFT_VERSION = 3.0;
			};
			name = Release;
		};
/* End XCBuildConfiguration section */

/* Begin XCConfigurationList section */
		A54F6B501E2A22A400DAFDFD /* Build configuration list for PBXProject "SubmitValue" */ = {
			isa = XCConfigurationList;
			buildConfigurations = (
				A54F6B651E2A22A400DAFDFD /* Debug */,
				A54F6B661E2A22A400DAFDFD /* Release */,
			);
			defaultConfigurationIsVisible = 0;
			defaultConfigurationName = Release;
		};
		A54F6B671E2A22A400DAFDFD /* Build configuration list for PBXNativeTarget "SubmitValue" */ = {
			isa = XCConfigurationList;
			buildConfigurations = (
				A54F6B681E2A22A400DAFDFD /* Debug */,
				A54F6B691E2A22A400DAFDFD /* Release */,
			);
			defaultConfigurationIsVisible = 0;
		};
/* End XCConfigurationList section */
	};
	rootObject = A54F6B4D1E2A22A400DAFDFD /* Project object */;
}
