// !$*UTF8*$!
{
	archiveVersion = 1;
	classes = {
	};
	objectVersion = 46;
	objects = {

/* Begin PBXBuildFile section */
		A52DF5C81E1E5ABD00452218 /* AppDelegate.swift in Sources */ = {isa = PBXBuildFile; fileRef = A52DF5C71E1E5ABD00452218 /* AppDelegate.swift */; };
		A52DF5CA1E1E5ABD00452218 /* ViewController.swift in Sources */ = {isa = PBXBuildFile; fileRef = A52DF5C91E1E5ABD00452218 /* ViewController.swift */; };
		A52DF5CD1E1E5ABD00452218 /* Main.storyboard in Resources */ = {isa = PBXBuildFile; fileRef = A52DF5CB1E1E5ABD00452218 /* Main.storyboard */; };
		A52DF5CF1E1E5ABD00452218 /* Assets.xcassets in Resources */ = {isa = PBXBuildFile; fileRef = A52DF5CE1E1E5ABD00452218 /* Assets.xcassets */; };
		A52DF5D21E1E5ABD00452218 /* LaunchScreen.storyboard in Resources */ = {isa = PBXBuildFile; fileRef = A52DF5D01E1E5ABD00452218 /* LaunchScreen.storyboard */; };
/* End PBXBuildFile section */

/* Begin PBXFileReference section */
		A52DF5C41E1E5ABD00452218 /* Scene-MeanualSegue.app */ = {isa = PBXFileReference; explicitFileType = wrapper.application; includeInIndex = 0; path = "Scene-MeanualSegue.app"; sourceTree = BUILT_PRODUCTS_DIR; };
		A52DF5C71E1E5ABD00452218 /* AppDelegate.swift */ = {isa = PBXFileReference; lastKnownFileType = sourcecode.swift; path = AppDelegate.swift; sourceTree = "<group>"; };
		A52DF5C91E1E5ABD00452218 /* ViewController.swift */ = {isa = PBXFileReference; lastKnownFileType = sourcecode.swift; path = ViewController.swift; sourceTree = "<group>"; };
		A52DF5CC1E1E5ABD00452218 /* Base */ = {isa = PBXFileReference; lastKnownFileType = file.storyboard; name = Base; path = Base.lproj/Main.storyboard; sourceTree = "<group>"; };
		A52DF5CE1E1E5ABD00452218 /* Assets.xcassets */ = {isa = PBXFileReference; lastKnownFileType = folder.assetcatalog; path = Assets.xcassets; sourceTree = "<group>"; };
		A52DF5D11E1E5ABD00452218 /* Base */ = {isa = PBXFileReference; lastKnownFileType = file.storyboard; name = Base; path = Base.lproj/LaunchScreen.storyboard; sourceTree = "<group>"; };
		A52DF5D31E1E5ABD00452218 /* Info.plist */ = {isa = PBXFileReference; lastKnownFileType = text.plist.xml; path = Info.plist; sourceTree = "<group>"; };
/* End PBXFileReference section */

/* Begin PBXFrameworksBuildPhase section */
		A52DF5C11E1E5ABD00452218 /* Frameworks */ = {
			isa = PBXFrameworksBuildPhase;
			buildActionMask = 2147483647;
			files = (
			);
			runOnlyForDeploymentPostprocessing = 0;
		};
/* End PBXFrameworksBuildPhase section */

/* Begin PBXGroup section */
		A52DF5BB1E1E5ABD00452218 = {
			isa = PBXGroup;
			children = (
				A52DF5C61E1E5ABD00452218 /* Scene-MeanualSegue */,
				A52DF5C51E1E5ABD00452218 /* Products */,
			);
			sourceTree = "<group>";
		};
		A52DF5C51E1E5ABD00452218 /* Products */ = {
			isa = PBXGroup;
			children = (
				A52DF5C41E1E5ABD00452218 /* Scene-MeanualSegue.app */,
			);
			name = Products;
			sourceTree = "<group>";
		};
		A52DF5C61E1E5ABD00452218 /* Scene-MeanualSegue */ = {
			isa = PBXGroup;
			children = (
				A52DF5C71E1E5ABD00452218 /* AppDelegate.swift */,
				A52DF5C91E1E5ABD00452218 /* ViewController.swift */,
				A52DF5CB1E1E5ABD00452218 /* Main.storyboard */,
				A52DF5CE1E1E5ABD00452218 /* Assets.xcassets */,
				A52DF5D01E1E5ABD00452218 /* LaunchScreen.storyboard */,
				A52DF5D31E1E5ABD00452218 /* Info.plist */,
			);
			path = "Scene-MeanualSegue";
			sourceTree = "<group>";
		};
/* End PBXGroup section */

/* Begin PBXNativeTarget section */
		A52DF5C31E1E5ABD00452218 /* Scene-MeanualSegue */ = {
			isa = PBXNativeTarget;
			buildConfigurationList = A52DF5D61E1E5ABD00452218 /* Build configuration list for PBXNativeTarget "Scene-MeanualSegue" */;
			buildPhases = (
				A52DF5C01E1E5ABD00452218 /* Sources */,
				A52DF5C11E1E5ABD00452218 /* Frameworks */,
				A52DF5C21E1E5ABD00452218 /* Resources */,
			);
			buildRules = (
			);
			dependencies = (
			);
			name = "Scene-MeanualSegue";
			productName = "Scene-MeanualSegue";
			productReference = A52DF5C41E1E5ABD00452218 /* Scene-MeanualSegue.app */;
			productType = "com.apple.product-type.application";
		};
/* End PBXNativeTarget section */

/* Begin PBXProject section */
		A52DF5BC1E1E5ABD00452218 /* Project object */ = {
			isa = PBXProject;
			attributes = {
				LastSwiftUpdateCheck = 0810;
				LastUpgradeCheck = 0810;
				ORGANIZATIONNAME = ren;
				TargetAttributes = {
					A52DF5C31E1E5ABD00452218 = {
						CreatedOnToolsVersion = 8.1;
						DevelopmentTeam = 978AX8XJ3Z;
						ProvisioningStyle = Automatic;
					};
				};
			};
			buildConfigurationList = A52DF5BF1E1E5ABD00452218 /* Build configuration list for PBXProject "Scene-MeanualSegue" */;
			compatibilityVersion = "Xcode 3.2";
			developmentRegion = English;
			hasScannedForEncodings = 0;
			knownRegions = (
				en,
				Base,
			);
			mainGroup = A52DF5BB1E1E5ABD00452218;
			productRefGroup = A52DF5C51E1E5ABD00452218 /* Products */;
			projectDirPath = "";
			projectRoot = "";
			targets = (
				A52DF5C31E1E5ABD00452218 /* Scene-MeanualSegue */,
			);
		};
/* End PBXProject section */

/* Begin PBXResourcesBuildPhase section */
		A52DF5C21E1E5ABD00452218 /* Resources */ = {
			isa = PBXResourcesBuildPhase;
			buildActionMask = 2147483647;
			files = (
				A52DF5D21E1E5ABD00452218 /* LaunchScreen.storyboard in Resources */,
				A52DF5CF1E1E5ABD00452218 /* Assets.xcassets in Resources */,
				A52DF5CD1E1E5ABD00452218 /* Main.storyboard in Resources */,
			);
			runOnlyForDeploymentPostprocessing = 0;
		};
/* End PBXResourcesBuildPhase section */

/* Begin PBXSourcesBuildPhase section */
		A52DF5C01E1E5ABD00452218 /* Sources */ = {
			isa = PBXSourcesBuildPhase;
			buildActionMask = 2147483647;
			files = (
				A52DF5CA1E1E5ABD00452218 /* ViewController.swift in Sources */,
				A52DF5C81E1E5ABD00452218 /* AppDelegate.swift in Sources */,
			);
			runOnlyForDeploymentPostprocessing = 0;
		};
/* End PBXSourcesBuildPhase section */

/* Begin PBXVariantGroup section */
		A52DF5CB1E1E5ABD00452218 /* Main.storyboard */ = {
			isa = PBXVariantGroup;
			children = (
				A52DF5CC1E1E5ABD00452218 /* Base */,
			);
			name = Main.storyboard;
			sourceTree = "<group>";
		};
		A52DF5D01E1E5ABD00452218 /* LaunchScreen.storyboard */ = {
			isa = PBXVariantGroup;
			children = (
				A52DF5D11E1E5ABD00452218 /* Base */,
			);
			name = LaunchScreen.storyboard;
			sourceTree = "<group>";
		};
/* End PBXVariantGroup section */

/* Begin XCBuildConfiguration section */
		A52DF5D41E1E5ABD00452218 /* Debug */ = {
			isa = XCBuildConfiguration;
			buildSettings = {
				ALWAYS_SEARCH_USER_PATHS = NO;
				CLANG_ANALYZER_NONNULL = YES;
				CLANG_CXX_LANGUAGE_STANDARD = "gnu++0x";
				CLANG_CXX_LIBRARY = "libc++";
				CLANG_ENABLE_MODULES = YES;
				CLANG_ENABLE_OBJC_ARC = YES;
				CLANG_WARN_BOOL_CONVERSION = YES;
				CLANG_WARN_CONSTANT_CONVERSION = YES;
				CLANG_WARN_DIRECT_OBJC_ISA_USAGE = YES_ERROR;
				CLANG_WARN_DOCUMENTATION_COMMENTS = YES;
				CLANG_WARN_EMPTY_BODY = YES;
				CLANG_WARN_ENUM_CONVERSION = YES;
				CLANG_WARN_INFINITE_RECURSION = YES;
				CLANG_WARN_INT_CONVERSION = YES;
				CLANG_WARN_OBJC_ROOT_CLASS = YES_ERROR;
				CLANG_WARN_SUSPICIOUS_MOVES = YES;
				CLANG_WARN_UNREACHABLE_CODE = YES;
				CLANG_WARN__DUPLICATE_METHOD_MATCH = YES;
				"CODE_SIGN_IDENTITY[sdk=iphoneos*]" = "iPhone Developer";
				COPY_PHASE_STRIP = NO;
				DEBUG_INFORMATION_FORMAT = dwarf;
				ENABLE_STRICT_OBJC_MSGSEND = YES;
				ENABLE_TESTABILITY = YES;
				GCC_C_LANGUAGE_STANDARD = gnu99;
				GCC_DYNAMIC_NO_PIC = NO;
				GCC_NO_COMMON_BLOCKS = YES;
				GCC_OPTIMIZATION_LEVEL = 0;
				GCC_PREPROCESSOR_DEFINITIONS = (
					"DEBUG=1",
					"$(inherited)",
				);
				GCC_WARN_64_TO_32_BIT_CONVERSION = YES;
				GCC_WARN_ABOUT_RETURN_TYPE = YES_ERROR;
				GCC_WARN_UNDECLARED_SELECTOR = YES;
				GCC_WARN_UNINITIALIZED_AUTOS = YES_AGGRESSIVE;
				GCC_WARN_UNUSED_FUNCTION = YES;
				GCC_WARN_UNUSED_VARIABLE = YES;
				IPHONEOS_DEPLOYMENT_TARGET = 10.1;
				MTL_ENABLE_DEBUG_INFO = YES;
				ONLY_ACTIVE_ARCH = YES;
				SDKROOT = iphoneos;
				SWIFT_ACTIVE_COMPILATION_CONDITIONS = DEBUG;
				SWIFT_OPTIMIZATION_LEVEL = "-Onone";
			};
			name = Debug;
		};
		A52DF5D51E1E5ABD00452218 /* Release */ = {
			isa = XCBuildConfiguration;
			buildSettings = {
				ALWAYS_SEARCH_USER_PATHS = NO;
				CLANG_ANALYZER_NONNULL = YES;
				CLANG_CXX_LANGUAGE_STANDARD = "gnu++0x";
				CLANG_CXX_LIBRARY = "libc++";
				CLANG_ENABLE_MODULES = YES;
				CLANG_ENABLE_OBJC_ARC = YES;
				CLANG_WARN_BOOL_CONVERSION = YES;
				CLANG_WARN_CONSTANT_CONVERSION = YES;
				CLANG_WARN_DIRECT_OBJC_ISA_USAGE = YES_ERROR;
				CLANG_WARN_DOCUMENTATION_COMMENTS = YES;
				CLANG_WARN_EMPTY_BODY = YES;
				CLANG_WARN_ENUM_CONVERSION = YES;
				CLANG_WARN_INFINITE_RECURSION = YES;
				CLANG_WARN_INT_CONVERSION = YES;
				CLANG_WARN_OBJC_ROOT_CLASS = YES_ERROR;
				CLANG_WARN_SUSPICIOUS_MOVES = YES;
				CLANG_WARN_UNREACHABLE_CODE = YES;
				CLANG_WARN__DUPLICATE_METHOD_MATCH = YES;
				"CODE_SIGN_IDENTITY[sdk=iphoneos*]" = "iPhone Developer";
				COPY_PHASE_STRIP = NO;
				DEBUG_INFORMATION_FORMAT = "dwarf-with-dsym";
				ENABLE_NS_ASSERTIONS = NO;
				ENABLE_STRICT_OBJC_MSGSEND = YES;
				GCC_C_LANGUAGE_STANDARD = gnu99;
				GCC_NO_COMMON_BLOCKS = YES;
				GCC_WARN_64_TO_32_BIT_CONVERSION = YES;
				GCC_WARN_ABOUT_RETURN_TYPE = YES_ERROR;
				GCC_WARN_UNDECLARED_SELECTOR = YES;
				GCC_WARN_UNINITIALIZED_AUTOS = YES_AGGRESSIVE;
				GCC_WARN_UNUSED_FUNCTION = YES;
				GCC_WARN_UNUSED_VARIABLE = YES;
				IPHONEOS_DEPLOYMENT_TARGET = 10.1;
				MTL_ENABLE_DEBUG_INFO = NO;
				SDKROOT = iphoneos;
				SWIFT_OPTIMIZATION_LEVEL = "-Owholemodule";
				VALIDATE_PRODUCT = YES;
			};
			name = Release;
		};
		A52DF5D71E1E5ABD00452218 /* Debug */ = {
			isa = XCBuildConfiguration;
			buildSettings = {
				ASSETCATALOG_COMPILER_APPICON_NAME = AppIcon;
				DEVELOPMENT_TEAM = 978AX8XJ3Z;
				INFOPLIST_FILE = "Scene-MeanualSegue/Info.plist";
				LD_RUNPATH_SEARCH_PATHS = "$(inherited) @executable_path/Frameworks";
				PRODUCT_BUNDLE_IDENTIFIER = "ren.Scene-MeanualSegue";
				PRODUCT_NAME = "$(TARGET_NAME)";
				SWIFT_VERSION = 3.0;
			};
			name = Debug;
		};
		A52DF5D81E1E5ABD00452218 /* Release */ = {
			isa = XCBuildConfiguration;
			buildSettings = {
				ASSETCATALOG_COMPILER_APPICON_NAME = AppIcon;
				DEVELOPMENT_TEAM = 978AX8XJ3Z;
				INFOPLIST_FILE = "Scene-MeanualSegue/Info.plist";
				LD_RUNPATH_SEARCH_PATHS = "$(inherited) @executable_path/Frameworks";
				PRODUCT_BUNDLE_IDENTIFIER = "ren.Scene-MeanualSegue";
				PRODUCT_NAME = "$(TARGET_NAME)";
				SWIFT_VERSION = 3.0;
			};
			name = Release;
		};
/* End XCBuildConfiguration section */

/* Begin XCConfigurationList section */
		A52DF5BF1E1E5ABD00452218 /* Build configuration list for PBXProject "Scene-MeanualSegue" */ = {
			isa = XCConfigurationList;
			buildConfigurations = (
				A52DF5D41E1E5ABD00452218 /* Debug */,
				A52DF5D51E1E5ABD00452218 /* Release */,
			);
			defaultConfigurationIsVisible = 0;
			defaultConfigurationName = Release;
		};
		A52DF5D61E1E5ABD00452218 /* Build configuration list for PBXNativeTarget "Scene-MeanualSegue" */ = {
			isa = XCConfigurationList;
			buildConfigurations = (
				A52DF5D71E1E5ABD00452218 /* Debug */,
				A52DF5D81E1E5ABD00452218 /* Release */,
			);
			defaultConfigurationIsVisible = 0;
		};
/* End XCConfigurationList section */
	};
	rootObject = A52DF5BC1E1E5ABD00452218 /* Project object */;
}
