// !$*UTF8*$!
{
	archiveVersion = 1;
	classes = {
	};
	objectVersion = 46;
	objects = {

/* Begin PBXBuildFile section */
		A5E775611E1E69E00075EBA3 /* AppDelegate.swift in Sources */ = {isa = PBXBuildFile; fileRef = A5E775601E1E69E00075EBA3 /* AppDelegate.swift */; };
		A5E775631E1E69E00075EBA3 /* ViewController.swift in Sources */ = {isa = PBXBuildFile; fileRef = A5E775621E1E69E00075EBA3 /* ViewController.swift */; };
		A5E775661E1E69E00075EBA3 /* Main.storyboard in Resources */ = {isa = PBXBuildFile; fileRef = A5E775641E1E69E00075EBA3 /* Main.storyboard */; };
		A5E775681E1E69E10075EBA3 /* Assets.xcassets in Resources */ = {isa = PBXBuildFile; fileRef = A5E775671E1E69E10075EBA3 /* Assets.xcassets */; };
		A5E7756B1E1E69E10075EBA3 /* LaunchScreen.storyboard in Resources */ = {isa = PBXBuildFile; fileRef = A5E775691E1E69E10075EBA3 /* LaunchScreen.storyboard */; };
		A5E775731E1E6E240075EBA3 /* Page2ViewController.swift in Sources */ = {isa = PBXBuildFile; fileRef = A5E775721E1E6E240075EBA3 /* Page2ViewController.swift */; };
/* End PBXBuildFile section */

/* Begin PBXFileReference section */
		A5E7755D1E1E69E00075EBA3 /* Scene-MultiUnwind.app */ = {isa = PBXFileReference; explicitFileType = wrapper.application; includeInIndex = 0; path = "Scene-MultiUnwind.app"; sourceTree = BUILT_PRODUCTS_DIR; };
		A5E775601E1E69E00075EBA3 /* AppDelegate.swift */ = {isa = PBXFileReference; lastKnownFileType = sourcecode.swift; path = AppDelegate.swift; sourceTree = "<group>"; };
		A5E775621E1E69E00075EBA3 /* ViewController.swift */ = {isa = PBXFileReference; lastKnownFileType = sourcecode.swift; path = ViewController.swift; sourceTree = "<group>"; };
		A5E775651E1E69E00075EBA3 /* Base */ = {isa = PBXFileReference; lastKnownFileType = file.storyboard; name = Base; path = Base.lproj/Main.storyboard; sourceTree = "<group>"; };
		A5E775671E1E69E10075EBA3 /* Assets.xcassets */ = {isa = PBXFileReference; lastKnownFileType = folder.assetcatalog; path = Assets.xcassets; sourceTree = "<group>"; };
		A5E7756A1E1E69E10075EBA3 /* Base */ = {isa = PBXFileReference; lastKnownFileType = file.storyboard; name = Base; path = Base.lproj/LaunchScreen.storyboard; sourceTree = "<group>"; };
		A5E7756C1E1E69E10075EBA3 /* Info.plist */ = {isa = PBXFileReference; lastKnownFileType = text.plist.xml; path = Info.plist; sourceTree = "<group>"; };
		A5E775721E1E6E240075EBA3 /* Page2ViewController.swift */ = {isa = PBXFileReference; fileEncoding = 4; lastKnownFileType = sourcecode.swift; path = Page2ViewController.swift; sourceTree = "<group>"; };
/* End PBXFileReference section */

/* Begin PBXFrameworksBuildPhase section */
		A5E7755A1E1E69E00075EBA3 /* Frameworks */ = {
			isa = PBXFrameworksBuildPhase;
			buildActionMask = 2147483647;
			files = (
			);
			runOnlyForDeploymentPostprocessing = 0;
		};
/* End PBXFrameworksBuildPhase section */

/* Begin PBXGroup section */
		A5E775541E1E69E00075EBA3 = {
			isa = PBXGroup;
			children = (
				A5E7755F1E1E69E00075EBA3 /* Scene-MultiUnwind */,
				A5E7755E1E1E69E00075EBA3 /* Products */,
			);
			sourceTree = "<group>";
		};
		A5E7755E1E1E69E00075EBA3 /* Products */ = {
			isa = PBXGroup;
			children = (
				A5E7755D1E1E69E00075EBA3 /* Scene-MultiUnwind.app */,
			);
			name = Products;
			sourceTree = "<group>";
		};
		A5E7755F1E1E69E00075EBA3 /* Scene-MultiUnwind */ = {
			isa = PBXGroup;
			children = (
				A5E775601E1E69E00075EBA3 /* AppDelegate.swift */,
				A5E775621E1E69E00075EBA3 /* ViewController.swift */,
				A5E775641E1E69E00075EBA3 /* Main.storyboard */,
				A5E775671E1E69E10075EBA3 /* Assets.xcassets */,
				A5E775721E1E6E240075EBA3 /* Page2ViewController.swift */,
				A5E775691E1E69E10075EBA3 /* LaunchScreen.storyboard */,
				A5E7756C1E1E69E10075EBA3 /* Info.plist */,
			);
			path = "Scene-MultiUnwind";
			sourceTree = "<group>";
		};
/* End PBXGroup section */

/* Begin PBXNativeTarget section */
		A5E7755C1E1E69E00075EBA3 /* Scene-MultiUnwind */ = {
			isa = PBXNativeTarget;
			buildConfigurationList = A5E7756F1E1E69E10075EBA3 /* Build configuration list for PBXNativeTarget "Scene-MultiUnwind" */;
			buildPhases = (
				A5E775591E1E69E00075EBA3 /* Sources */,
				A5E7755A1E1E69E00075EBA3 /* Frameworks */,
				A5E7755B1E1E69E00075EBA3 /* Resources */,
			);
			buildRules = (
			);
			dependencies = (
			);
			name = "Scene-MultiUnwind";
			productName = "Scene-MultiUnwind";
			productReference = A5E7755D1E1E69E00075EBA3 /* Scene-MultiUnwind.app */;
			productType = "com.apple.product-type.application";
		};
/* End PBXNativeTarget section */

/* Begin PBXProject section */
		A5E775551E1E69E00075EBA3 /* Project object */ = {
			isa = PBXProject;
			attributes = {
				LastSwiftUpdateCheck = 0810;
				LastUpgradeCheck = 0810;
				ORGANIZATIONNAME = ren;
				TargetAttributes = {
					A5E7755C1E1E69E00075EBA3 = {
						CreatedOnToolsVersion = 8.1;
						DevelopmentTeam = 978AX8XJ3Z;
						ProvisioningStyle = Automatic;
					};
				};
			};
			buildConfigurationList = A5E775581E1E69E00075EBA3 /* Build configuration list for PBXProject "Scene-MultiUnwind" */;
			compatibilityVersion = "Xcode 3.2";
			developmentRegion = English;
			hasScannedForEncodings = 0;
			knownRegions = (
				en,
				Base,
			);
			mainGroup = A5E775541E1E69E00075EBA3;
			productRefGroup = A5E7755E1E1E69E00075EBA3 /* Products */;
			projectDirPath = "";
			projectRoot = "";
			targets = (
				A5E7755C1E1E69E00075EBA3 /* Scene-MultiUnwind */,
			);
		};
/* End PBXProject section */

/* Begin PBXResourcesBuildPhase section */
		A5E7755B1E1E69E00075EBA3 /* Resources */ = {
			isa = PBXResourcesBuildPhase;
			buildActionMask = 2147483647;
			files = (
				A5E7756B1E1E69E10075EBA3 /* LaunchScreen.storyboard in Resources */,
				A5E775681E1E69E10075EBA3 /* Assets.xcassets in Resources */,
				A5E775661E1E69E00075EBA3 /* Main.storyboard in Resources */,
			);
			runOnlyForDeploymentPostprocessing = 0;
		};
/* End PBXResourcesBuildPhase section */

/* Begin PBXSourcesBuildPhase section */
		A5E775591E1E69E00075EBA3 /* Sources */ = {
			isa = PBXSourcesBuildPhase;
			buildActionMask = 2147483647;
			files = (
				A5E775631E1E69E00075EBA3 /* ViewController.swift in Sources */,
				A5E775731E1E6E240075EBA3 /* Page2ViewController.swift in Sources */,
				A5E775611E1E69E00075EBA3 /* AppDelegate.swift in Sources */,
			);
			runOnlyForDeploymentPostprocessing = 0;
		};
/* End PBXSourcesBuildPhase section */

/* Begin PBXVariantGroup section */
		A5E775641E1E69E00075EBA3 /* Main.storyboard */ = {
			isa = PBXVariantGroup;
			children = (
				A5E775651E1E69E00075EBA3 /* Base */,
			);
			name = Main.storyboard;
			sourceTree = "<group>";
		};
		A5E775691E1E69E10075EBA3 /* LaunchScreen.storyboard */ = {
			isa = PBXVariantGroup;
			children = (
				A5E7756A1E1E69E10075EBA3 /* Base */,
			);
			name = LaunchScreen.storyboard;
			sourceTree = "<group>";
		};
/* End PBXVariantGroup section */

/* Begin XCBuildConfiguration section */
		A5E7756D1E1E69E10075EBA3 /* Debug */ = {
			isa = XCBuildConfiguration;
			buildSettings = {
				ALWAYS_SEARCH_USER_PATHS = NO;
				CLANG_ANALYZER_NONNULL = YES;
				CLANG_CXX_LANGUAGE_STANDARD = "gnu++0x";
				CLANG_CXX_LIBRARY = "libc++";
				CLANG_ENABLE_MODULES = YES;
				CLANG_ENABLE_OBJC_ARC = YES;
				CLANG_WARN_BOOL_CONVERSION = YES;
				CLANG_WARN_CONSTANT_CONVERSION = YES;
				CLANG_WARN_DIRECT_OBJC_ISA_USAGE = YES_ERROR;
				CLANG_WARN_DOCUMENTATION_COMMENTS = YES;
				CLANG_WARN_EMPTY_BODY = YES;
				CLANG_WARN_ENUM_CONVERSION = YES;
				CLANG_WARN_INFINITE_RECURSION = YES;
				CLANG_WARN_INT_CONVERSION = YES;
				CLANG_WARN_OBJC_ROOT_CLASS = YES_ERROR;
				CLANG_WARN_SUSPICIOUS_MOVES = YES;
				CLANG_WARN_UNREACHABLE_CODE = YES;
				CLANG_WARN__DUPLICATE_METHOD_MATCH = YES;
				"CODE_SIGN_IDENTITY[sdk=iphoneos*]" = "iPhone Developer";
				COPY_PHASE_STRIP = NO;
				DEBUG_INFORMATION_FORMAT = dwarf;
				ENABLE_STRICT_OBJC_MSGSEND = YES;
				ENABLE_TESTABILITY = YES;
				GCC_C_LANGUAGE_STANDARD = gnu99;
				GCC_DYNAMIC_NO_PIC = NO;
				GCC_NO_COMMON_BLOCKS = YES;
				GCC_OPTIMIZATION_LEVEL = 0;
				GCC_PREPROCESSOR_DEFINITIONS = (
					"DEBUG=1",
					"$(inherited)",
				);
				GCC_WARN_64_TO_32_BIT_CONVERSION = YES;
				GCC_WARN_ABOUT_RETURN_TYPE = YES_ERROR;
				GCC_WARN_UNDECLARED_SELECTOR = YES;
				GCC_WARN_UNINITIALIZED_AUTOS = YES_AGGRESSIVE;
				GCC_WARN_UNUSED_FUNCTION = YES;
				GCC_WARN_UNUSED_VARIABLE = YES;
				IPHONEOS_DEPLOYMENT_TARGET = 10.1;
				MTL_ENABLE_DEBUG_INFO = YES;
				ONLY_ACTIVE_ARCH = YES;
				SDKROOT = iphoneos;
				SWIFT_ACTIVE_COMPILATION_CONDITIONS = DEBUG;
				SWIFT_OPTIMIZATION_LEVEL = "-Onone";
			};
			name = Debug;
		};
		A5E7756E1E1E69E10075EBA3 /* Release */ = {
			isa = XCBuildConfiguration;
			buildSettings = {
				ALWAYS_SEARCH_USER_PATHS = NO;
				CLANG_ANALYZER_NONNULL = YES;
				CLANG_CXX_LANGUAGE_STANDARD = "gnu++0x";
				CLANG_CXX_LIBRARY = "libc++";
				CLANG_ENABLE_MODULES = YES;
				CLANG_ENABLE_OBJC_ARC = YES;
				CLANG_WARN_BOOL_CONVERSION = YES;
				CLANG_WARN_CONSTANT_CONVERSION = YES;
				CLANG_WARN_DIRECT_OBJC_ISA_USAGE = YES_ERROR;
				CLANG_WARN_DOCUMENTATION_COMMENTS = YES;
				CLANG_WARN_EMPTY_BODY = YES;
				CLANG_WARN_ENUM_CONVERSION = YES;
				CLANG_WARN_INFINITE_RECURSION = YES;
				CLANG_WARN_INT_CONVERSION = YES;
				CLANG_WARN_OBJC_ROOT_CLASS = YES_ERROR;
				CLANG_WARN_SUSPICIOUS_MOVES = YES;
				CLANG_WARN_UNREACHABLE_CODE = YES;
				CLANG_WARN__DUPLICATE_METHOD_MATCH = YES;
				"CODE_SIGN_IDENTITY[sdk=iphoneos*]" = "iPhone Developer";
				COPY_PHASE_STRIP = NO;
				DEBUG_INFORMATION_FORMAT = "dwarf-with-dsym";
				ENABLE_NS_ASSERTIONS = NO;
				ENABLE_STRICT_OBJC_MSGSEND = YES;
				GCC_C_LANGUAGE_STANDARD = gnu99;
				GCC_NO_COMMON_BLOCKS = YES;
				GCC_WARN_64_TO_32_BIT_CONVERSION = YES;
				GCC_WARN_ABOUT_RETURN_TYPE = YES_ERROR;
				GCC_WARN_UNDECLARED_SELECTOR = YES;
				GCC_WARN_UNINITIALIZED_AUTOS = YES_AGGRESSIVE;
				GCC_WARN_UNUSED_FUNCTION = YES;
				GCC_WARN_UNUSED_VARIABLE = YES;
				IPHONEOS_DEPLOYMENT_TARGET = 10.1;
				MTL_ENABLE_DEBUG_INFO = NO;
				SDKROOT = iphoneos;
				SWIFT_OPTIMIZATION_LEVEL = "-Owholemodule";
				VALIDATE_PRODUCT = YES;
			};
			name = Release;
		};
		A5E775701E1E69E10075EBA3 /* Debug */ = {
			isa = XCBuildConfiguration;
			buildSettings = {
				ASSETCATALOG_COMPILER_APPICON_NAME = AppIcon;
				DEVELOPMENT_TEAM = 978AX8XJ3Z;
				INFOPLIST_FILE = "Scene-MultiUnwind/Info.plist";
				LD_RUNPATH_SEARCH_PATHS = "$(inherited) @executable_path/Frameworks";
				PRODUCT_BUNDLE_IDENTIFIER = "ren.Scene-MultiUnwind";
				PRODUCT_NAME = "$(TARGET_NAME)";
				SWIFT_VERSION = 3.0;
			};
			name = Debug;
		};
		A5E775711E1E69E10075EBA3 /* Release */ = {
			isa = XCBuildConfiguration;
			buildSettings = {
				ASSETCATALOG_COMPILER_APPICON_NAME = AppIcon;
				DEVELOPMENT_TEAM = 978AX8XJ3Z;
				INFOPLIST_FILE = "Scene-MultiUnwind/Info.plist";
				LD_RUNPATH_SEARCH_PATHS = "$(inherited) @executable_path/Frameworks";
				PRODUCT_BUNDLE_IDENTIFIER = "ren.Scene-MultiUnwind";
				PRODUCT_NAME = "$(TARGET_NAME)";
				SWIFT_VERSION = 3.0;
			};
			name = Release;
		};
/* End XCBuildConfiguration section */

/* Begin XCConfigurationList section */
		A5E775581E1E69E00075EBA3 /* Build configuration list for PBXProject "Scene-MultiUnwind" */ = {
			isa = XCConfigurationList;
			buildConfigurations = (
				A5E7756D1E1E69E10075EBA3 /* Debug */,
				A5E7756E1E1E69E10075EBA3 /* Release */,
			);
			defaultConfigurationIsVisible = 0;
			defaultConfigurationName = Release;
		};
		A5E7756F1E1E69E10075EBA3 /* Build configuration list for PBXNativeTarget "Scene-MultiUnwind" */ = {
			isa = XCConfigurationList;
			buildConfigurations = (
				A5E775701E1E69E10075EBA3 /* Debug */,
				A5E775711E1E69E10075EBA3 /* Release */,
			);
			defaultConfigurationIsVisible = 0;
		};
/* End XCConfigurationList section */
	};
	rootObject = A5E775551E1E69E00075EBA3 /* Project object */;
}
